
Microsoft Visual Studio Solution File, Format Version 12.00
Project("{2150E333-8FDC-42A3-9474-1A3956D46DE8}") = "Others", "Others", "{04AC03E3-F313-40A0-9CBA-F91E00A13733}"
EndProject
Project("{2150E333-8FDC-42A3-9474-1A3956D46DE8}") = "Di", "Di", "{7896FC01-FC4B-4FFD-8580-46241D09FF12}"
EndProject
Project("{FAE04EC0-301F-11D3-BF4B-00C04F79EFBC}") = "DiExample", "Di\DiExample\DiExample.csproj", "{D0B4F0F0-0D57-43B5-BBAA-F52AAAF6B9FF}"
EndProject
Project("{FAE04EC0-301F-11D3-BF4B-00C04F79EFBC}") = "Enitites", "Di\Enitites\Enitites.csproj", "{CA607A68-A8A2-4D2D-BE65-1D5CC10F9BA0}"
EndProject
Project("{FAE04EC0-301F-11D3-BF4B-00C04F79EFBC}") = "ServiceContracts", "Di\ServiceContracts\ServiceContracts.csproj", "{45319554-CA7A-4117-BB32-F20D37619EF6}"
EndProject
Project("{FAE04EC0-301F-11D3-BF4B-00C04F79EFBC}") = "Services", "Di\Services\Services.csproj", "{A049F96B-5572-4636-9CB1-93DC0EF719F3}"
EndProject
Project("{FAE04EC0-301F-11D3-BF4B-00C04F79EFBC}") = "Stocks.Api", "Di\Stocks.Api\Stocks.Api.csproj", "{C3BADDF9-A15A-424A-AF3B-6903AA84F764}"
EndProject
Project("{FAE04EC0-301F-11D3-BF4B-00C04F79EFBC}") = "UseWhenExample", "Others\UseWhenExample\UseWhenExample.csproj", "{DDD7C53C-4B1E-463C-8D79-D5353E99D359}"
EndProject
Project("{FAE04EC0-301F-11D3-BF4B-00C04F79EFBC}") = "StaticFilesExample", "Others\StaticFilesExample\StaticFilesExample.csproj", "{3F2E67F1-C4CC-44C9-827C-3182F23DBBB9}"
EndProject
Project("{FAE04EC0-301F-11D3-BF4B-00C04F79EFBC}") = "RoutingExample", "Others\RoutingExample\RoutingExample.csproj", "{D7A5F45A-2861-4F22-862F-276A8DBFFABE}"
EndProject
Project("{FAE04EC0-301F-11D3-BF4B-00C04F79EFBC}") = "MyFirstApp", "Others\MyFirstApp\MyFirstApp.csproj", "{0B464957-71D7-4182-952E-C342B76D6426}"
EndProject
Project("{FAE04EC0-301F-11D3-BF4B-00C04F79EFBC}") = "ModelValidationsExample", "Others\ModelValidationsExample\ModelValidationsExample.csproj", "{561CB42D-BA23-4D55-8895-DA3914D6AAE4}"
EndProject
Project("{FAE04EC0-301F-11D3-BF4B-00C04F79EFBC}") = "MiddlewareExample", "Others\MiddlewareExample\MiddlewareExample.csproj", "{C2E93358-7B2A-44E6-AA81-AC9F3EB88CAA}"
EndProject
Project("{FAE04EC0-301F-11D3-BF4B-00C04F79EFBC}") = "LoginMiddlewareTask", "Others\LoginMiddlewareTask\LoginMiddlewareTask.csproj", "{BC22D6E4-DFA2-4484-9246-809DDB745C45}"
EndProject
Project("{FAE04EC0-301F-11D3-BF4B-00C04F79EFBC}") = "IActionResultExample", "Others\IActionResultExample\IActionResultExample.csproj", "{BD900380-3B51-4439-AEA5-60E1BEBDCD47}"
EndProject
Project("{FAE04EC0-301F-11D3-BF4B-00C04F79EFBC}") = "CountriesApp", "Others\CountriesApp\CountriesApp.csproj", "{6DC6D478-D6A0-4B81-A6D4-385B33ED9A05}"
EndProject
Project("{FAE04EC0-301F-11D3-BF4B-00C04F79EFBC}") = "ControllersExample", "Others\ControllersExample\ControllersExample.csproj", "{2ECBD754-B84A-4CA5-B959-A029EC15E9AE}"
EndProject
Project("{FAE04EC0-301F-11D3-BF4B-00C04F79EFBC}") = "ConfigurationExample", "Others\ConfigurationExample\ConfigurationExample.csproj", "{97748EE5-C059-4343-9621-7D046BCB7B08}"
EndProject
Project("{FAE04EC0-301F-11D3-BF4B-00C04F79EFBC}") = "CalculatorApp", "Others\CalculatorApp\CalculatorApp.csproj", "{0F7F6130-5A32-4988-BFDF-4A1DA2B4DFBA}"
EndProject
Project("{FAE04EC0-301F-11D3-BF4B-00C04F79EFBC}") = "BankControllerTask", "Others\BankControllerTask\BankControllerTask.csproj", "{3DE6049A-9674-4D4A-83B9-2923CD1E9720}"
EndProject
Project("{FAE04EC0-301F-11D3-BF4B-00C04F79EFBC}") = "CityWeathersApi", "Di\CityWeathersApi\CityWeathersApi.csproj", "{E42FEF49-083C-4896-9009-761CE4E3DC92}"
EndProject
Project("{2150E333-8FDC-42A3-9474-1A3956D46DE8}") = "CrudExample", "CrudExample", "{59266EF8-836F-496B-9D2B-9B9A97CBE25C}"
EndProject
Project("{FAE04EC0-301F-11D3-BF4B-00C04F79EFBC}") = "Services", "ForCrud\Services\Services.csproj", "{17A0360E-F529-4B57-B639-638DFD437EFB}"
EndProject
Project("{FAE04EC0-301F-11D3-BF4B-00C04F79EFBC}") = "ServiceContracts", "ForCrud\ServiceContracts\ServiceContracts.csproj", "{A20FD9E2-055B-462F-BB02-25838F72D9A0}"
EndProject
Project("{FAE04EC0-301F-11D3-BF4B-00C04F79EFBC}") = "Entities", "ForCrud\Entities\Entities.csproj", "{2F3578B4-6984-4F0C-90CA-D5C2959FF486}"
EndProject
Project("{FAE04EC0-301F-11D3-BF4B-00C04F79EFBC}") = "Crud.Tests", "ForCrud\Crud.Tests\Crud.Tests.csproj", "{4805D74A-B671-4A64-A337-A1228315DF30}"
EndProject
Project("{FAE04EC0-301F-11D3-BF4B-00C04F79EFBC}") = "Crud.Api", "ForCrud\Crud.Api\Crud.Api.csproj", "{91EC0DF7-735E-4D2B-9B87-0211D017EED9}"
EndProject
Global
	GlobalSection(SolutionConfigurationPlatforms) = preSolution
		Debug|Any CPU = Debug|Any CPU
		Release|Any CPU = Release|Any CPU
	EndGlobalSection
	GlobalSection(ProjectConfigurationPlatforms) = postSolution
		{D0B4F0F0-0D57-43B5-BBAA-F52AAAF6B9FF}.Debug|Any CPU.ActiveCfg = Debug|Any CPU
		{D0B4F0F0-0D57-43B5-BBAA-F52AAAF6B9FF}.Debug|Any CPU.Build.0 = Debug|Any CPU
		{D0B4F0F0-0D57-43B5-BBAA-F52AAAF6B9FF}.Release|Any CPU.ActiveCfg = Release|Any CPU
		{D0B4F0F0-0D57-43B5-BBAA-F52AAAF6B9FF}.Release|Any CPU.Build.0 = Release|Any CPU
		{CA607A68-A8A2-4D2D-BE65-1D5CC10F9BA0}.Debug|Any CPU.ActiveCfg = Debug|Any CPU
		{CA607A68-A8A2-4D2D-BE65-1D5CC10F9BA0}.Debug|Any CPU.Build.0 = Debug|Any CPU
		{CA607A68-A8A2-4D2D-BE65-1D5CC10F9BA0}.Release|Any CPU.ActiveCfg = Release|Any CPU
		{CA607A68-A8A2-4D2D-BE65-1D5CC10F9BA0}.Release|Any CPU.Build.0 = Release|Any CPU
		{45319554-CA7A-4117-BB32-F20D37619EF6}.Debug|Any CPU.ActiveCfg = Debug|Any CPU
		{45319554-CA7A-4117-BB32-F20D37619EF6}.Debug|Any CPU.Build.0 = Debug|Any CPU
		{45319554-CA7A-4117-BB32-F20D37619EF6}.Release|Any CPU.ActiveCfg = Release|Any CPU
		{45319554-CA7A-4117-BB32-F20D37619EF6}.Release|Any CPU.Build.0 = Release|Any CPU
		{A049F96B-5572-4636-9CB1-93DC0EF719F3}.Debug|Any CPU.ActiveCfg = Debug|Any CPU
		{A049F96B-5572-4636-9CB1-93DC0EF719F3}.Debug|Any CPU.Build.0 = Debug|Any CPU
		{A049F96B-5572-4636-9CB1-93DC0EF719F3}.Release|Any CPU.ActiveCfg = Release|Any CPU
		{A049F96B-5572-4636-9CB1-93DC0EF719F3}.Release|Any CPU.Build.0 = Release|Any CPU
		{C3BADDF9-A15A-424A-AF3B-6903AA84F764}.Debug|Any CPU.ActiveCfg = Debug|Any CPU
		{C3BADDF9-A15A-424A-AF3B-6903AA84F764}.Debug|Any CPU.Build.0 = Debug|Any CPU
		{C3BADDF9-A15A-424A-AF3B-6903AA84F764}.Release|Any CPU.ActiveCfg = Release|Any CPU
		{C3BADDF9-A15A-424A-AF3B-6903AA84F764}.Release|Any CPU.Build.0 = Release|Any CPU
		{DDD7C53C-4B1E-463C-8D79-D5353E99D359}.Debug|Any CPU.ActiveCfg = Debug|Any CPU
		{DDD7C53C-4B1E-463C-8D79-D5353E99D359}.Debug|Any CPU.Build.0 = Debug|Any CPU
		{DDD7C53C-4B1E-463C-8D79-D5353E99D359}.Release|Any CPU.ActiveCfg = Release|Any CPU
		{DDD7C53C-4B1E-463C-8D79-D5353E99D359}.Release|Any CPU.Build.0 = Release|Any CPU
		{3F2E67F1-C4CC-44C9-827C-3182F23DBBB9}.Debug|Any CPU.ActiveCfg = Debug|Any CPU
		{3F2E67F1-C4CC-44C9-827C-3182F23DBBB9}.Debug|Any CPU.Build.0 = Debug|Any CPU
		{3F2E67F1-C4CC-44C9-827C-3182F23DBBB9}.Release|Any CPU.ActiveCfg = Release|Any CPU
		{3F2E67F1-C4CC-44C9-827C-3182F23DBBB9}.Release|Any CPU.Build.0 = Release|Any CPU
		{D7A5F45A-2861-4F22-862F-276A8DBFFABE}.Debug|Any CPU.ActiveCfg = Debug|Any CPU
		{D7A5F45A-2861-4F22-862F-276A8DBFFABE}.Debug|Any CPU.Build.0 = Debug|Any CPU
		{D7A5F45A-2861-4F22-862F-276A8DBFFABE}.Release|Any CPU.ActiveCfg = Release|Any CPU
		{D7A5F45A-2861-4F22-862F-276A8DBFFABE}.Release|Any CPU.Build.0 = Release|Any CPU
		{0B464957-71D7-4182-952E-C342B76D6426}.Debug|Any CPU.ActiveCfg = Debug|Any CPU
		{0B464957-71D7-4182-952E-C342B76D6426}.Debug|Any CPU.Build.0 = Debug|Any CPU
		{0B464957-71D7-4182-952E-C342B76D6426}.Release|Any CPU.ActiveCfg = Release|Any CPU
		{0B464957-71D7-4182-952E-C342B76D6426}.Release|Any CPU.Build.0 = Release|Any CPU
		{561CB42D-BA23-4D55-8895-DA3914D6AAE4}.Debug|Any CPU.ActiveCfg = Debug|Any CPU
		{561CB42D-BA23-4D55-8895-DA3914D6AAE4}.Debug|Any CPU.Build.0 = Debug|Any CPU
		{561CB42D-BA23-4D55-8895-DA3914D6AAE4}.Release|Any CPU.ActiveCfg = Release|Any CPU
		{561CB42D-BA23-4D55-8895-DA3914D6AAE4}.Release|Any CPU.Build.0 = Release|Any CPU
		{C2E93358-7B2A-44E6-AA81-AC9F3EB88CAA}.Debug|Any CPU.ActiveCfg = Debug|Any CPU
		{C2E93358-7B2A-44E6-AA81-AC9F3EB88CAA}.Debug|Any CPU.Build.0 = Debug|Any CPU
		{C2E93358-7B2A-44E6-AA81-AC9F3EB88CAA}.Release|Any CPU.ActiveCfg = Release|Any CPU
		{C2E93358-7B2A-44E6-AA81-AC9F3EB88CAA}.Release|Any CPU.Build.0 = Release|Any CPU
		{BC22D6E4-DFA2-4484-9246-809DDB745C45}.Debug|Any CPU.ActiveCfg = Debug|Any CPU
		{BC22D6E4-DFA2-4484-9246-809DDB745C45}.Debug|Any CPU.Build.0 = Debug|Any CPU
		{BC22D6E4-DFA2-4484-9246-809DDB745C45}.Release|Any CPU.ActiveCfg = Release|Any CPU
		{BC22D6E4-DFA2-4484-9246-809DDB745C45}.Release|Any CPU.Build.0 = Release|Any CPU
		{BD900380-3B51-4439-AEA5-60E1BEBDCD47}.Debug|Any CPU.ActiveCfg = Debug|Any CPU
		{BD900380-3B51-4439-AEA5-60E1BEBDCD47}.Debug|Any CPU.Build.0 = Debug|Any CPU
		{BD900380-3B51-4439-AEA5-60E1BEBDCD47}.Release|Any CPU.ActiveCfg = Release|Any CPU
		{BD900380-3B51-4439-AEA5-60E1BEBDCD47}.Release|Any CPU.Build.0 = Release|Any CPU
		{6DC6D478-D6A0-4B81-A6D4-385B33ED9A05}.Debug|Any CPU.ActiveCfg = Debug|Any CPU
		{6DC6D478-D6A0-4B81-A6D4-385B33ED9A05}.Debug|Any CPU.Build.0 = Debug|Any CPU
		{6DC6D478-D6A0-4B81-A6D4-385B33ED9A05}.Release|Any CPU.ActiveCfg = Release|Any CPU
		{6DC6D478-D6A0-4B81-A6D4-385B33ED9A05}.Release|Any CPU.Build.0 = Release|Any CPU
		{2ECBD754-B84A-4CA5-B959-A029EC15E9AE}.Debug|Any CPU.ActiveCfg = Debug|Any CPU
		{2ECBD754-B84A-4CA5-B959-A029EC15E9AE}.Debug|Any CPU.Build.0 = Debug|Any CPU
		{2ECBD754-B84A-4CA5-B959-A029EC15E9AE}.Release|Any CPU.ActiveCfg = Release|Any CPU
		{2ECBD754-B84A-4CA5-B959-A029EC15E9AE}.Release|Any CPU.Build.0 = Release|Any CPU
		{97748EE5-C059-4343-9621-7D046BCB7B08}.Debug|Any CPU.ActiveCfg = Debug|Any CPU
		{97748EE5-C059-4343-9621-7D046BCB7B08}.Debug|Any CPU.Build.0 = Debug|Any CPU
		{97748EE5-C059-4343-9621-7D046BCB7B08}.Release|Any CPU.ActiveCfg = Release|Any CPU
		{97748EE5-C059-4343-9621-7D046BCB7B08}.Release|Any CPU.Build.0 = Release|Any CPU
		{0F7F6130-5A32-4988-BFDF-4A1DA2B4DFBA}.Debug|Any CPU.ActiveCfg = Debug|Any CPU
		{0F7F6130-5A32-4988-BFDF-4A1DA2B4DFBA}.Debug|Any CPU.Build.0 = Debug|Any CPU
		{0F7F6130-5A32-4988-BFDF-4A1DA2B4DFBA}.Release|Any CPU.ActiveCfg = Release|Any CPU
		{0F7F6130-5A32-4988-BFDF-4A1DA2B4DFBA}.Release|Any CPU.Build.0 = Release|Any CPU
		{3DE6049A-9674-4D4A-83B9-2923CD1E9720}.Debug|Any CPU.ActiveCfg = Debug|Any CPU
		{3DE6049A-9674-4D4A-83B9-2923CD1E9720}.Debug|Any CPU.Build.0 = Debug|Any CPU
		{3DE6049A-9674-4D4A-83B9-2923CD1E9720}.Release|Any CPU.ActiveCfg = Release|Any CPU
		{3DE6049A-9674-4D4A-83B9-2923CD1E9720}.Release|Any CPU.Build.0 = Release|Any CPU
		{E42FEF49-083C-4896-9009-761CE4E3DC92}.Debug|Any CPU.ActiveCfg = Debug|Any CPU
		{E42FEF49-083C-4896-9009-761CE4E3DC92}.Debug|Any CPU.Build.0 = Debug|Any CPU
		{E42FEF49-083C-4896-9009-761CE4E3DC92}.Release|Any CPU.ActiveCfg = Release|Any CPU
		{E42FEF49-083C-4896-9009-761CE4E3DC92}.Release|Any CPU.Build.0 = Release|Any CPU
		{17A0360E-F529-4B57-B639-638DFD437EFB}.Debug|Any CPU.ActiveCfg = Debug|Any CPU
		{17A0360E-F529-4B57-B639-638DFD437EFB}.Debug|Any CPU.Build.0 = Debug|Any CPU
		{17A0360E-F529-4B57-B639-638DFD437EFB}.Release|Any CPU.ActiveCfg = Release|Any CPU
		{17A0360E-F529-4B57-B639-638DFD437EFB}.Release|Any CPU.Build.0 = Release|Any CPU
		{A20FD9E2-055B-462F-BB02-25838F72D9A0}.Debug|Any CPU.ActiveCfg = Debug|Any CPU
		{A20FD9E2-055B-462F-BB02-25838F72D9A0}.Debug|Any CPU.Build.0 = Debug|Any CPU
		{A20FD9E2-055B-462F-BB02-25838F72D9A0}.Release|Any CPU.ActiveCfg = Release|Any CPU
		{A20FD9E2-055B-462F-BB02-25838F72D9A0}.Release|Any CPU.Build.0 = Release|Any CPU
		{2F3578B4-6984-4F0C-90CA-D5C2959FF486}.Debug|Any CPU.ActiveCfg = Debug|Any CPU
		{2F3578B4-6984-4F0C-90CA-D5C2959FF486}.Debug|Any CPU.Build.0 = Debug|Any CPU
		{2F3578B4-6984-4F0C-90CA-D5C2959FF486}.Release|Any CPU.ActiveCfg = Release|Any CPU
		{2F3578B4-6984-4F0C-90CA-D5C2959FF486}.Release|Any CPU.Build.0 = Release|Any CPU
		{4805D74A-B671-4A64-A337-A1228315DF30}.Debug|Any CPU.ActiveCfg = Debug|Any CPU
		{4805D74A-B671-4A64-A337-A1228315DF30}.Debug|Any CPU.Build.0 = Debug|Any CPU
		{4805D74A-B671-4A64-A337-A1228315DF30}.Release|Any CPU.ActiveCfg = Release|Any CPU
		{4805D74A-B671-4A64-A337-A1228315DF30}.Release|Any CPU.Build.0 = Release|Any CPU
		{91EC0DF7-735E-4D2B-9B87-0211D017EED9}.Debug|Any CPU.ActiveCfg = Debug|Any CPU
		{91EC0DF7-735E-4D2B-9B87-0211D017EED9}.Debug|Any CPU.Build.0 = Debug|Any CPU
		{91EC0DF7-735E-4D2B-9B87-0211D017EED9}.Release|Any CPU.ActiveCfg = Release|Any CPU
		{91EC0DF7-735E-4D2B-9B87-0211D017EED9}.Release|Any CPU.Build.0 = Release|Any CPU
	EndGlobalSection
	GlobalSection(NestedProjects) = preSolution
		{D0B4F0F0-0D57-43B5-BBAA-F52AAAF6B9FF} = {7896FC01-FC4B-4FFD-8580-46241D09FF12}
		{CA607A68-A8A2-4D2D-BE65-1D5CC10F9BA0} = {7896FC01-FC4B-4FFD-8580-46241D09FF12}
		{45319554-CA7A-4117-BB32-F20D37619EF6} = {7896FC01-FC4B-4FFD-8580-46241D09FF12}
		{A049F96B-5572-4636-9CB1-93DC0EF719F3} = {7896FC01-FC4B-4FFD-8580-46241D09FF12}
		{C3BADDF9-A15A-424A-AF3B-6903AA84F764} = {7896FC01-FC4B-4FFD-8580-46241D09FF12}
		{DDD7C53C-4B1E-463C-8D79-D5353E99D359} = {04AC03E3-F313-40A0-9CBA-F91E00A13733}
		{3F2E67F1-C4CC-44C9-827C-3182F23DBBB9} = {04AC03E3-F313-40A0-9CBA-F91E00A13733}
		{D7A5F45A-2861-4F22-862F-276A8DBFFABE} = {04AC03E3-F313-40A0-9CBA-F91E00A13733}
		{0B464957-71D7-4182-952E-C342B76D6426} = {04AC03E3-F313-40A0-9CBA-F91E00A13733}
		{561CB42D-BA23-4D55-8895-DA3914D6AAE4} = {04AC03E3-F313-40A0-9CBA-F91E00A13733}
		{C2E93358-7B2A-44E6-AA81-AC9F3EB88CAA} = {04AC03E3-F313-40A0-9CBA-F91E00A13733}
		{BC22D6E4-DFA2-4484-9246-809DDB745C45} = {04AC03E3-F313-40A0-9CBA-F91E00A13733}
		{BD900380-3B51-4439-AEA5-60E1BEBDCD47} = {04AC03E3-F313-40A0-9CBA-F91E00A13733}
		{6DC6D478-D6A0-4B81-A6D4-385B33ED9A05} = {04AC03E3-F313-40A0-9CBA-F91E00A13733}
		{2ECBD754-B84A-4CA5-B959-A029EC15E9AE} = {04AC03E3-F313-40A0-9CBA-F91E00A13733}
		{97748EE5-C059-4343-9621-7D046BCB7B08} = {04AC03E3-F313-40A0-9CBA-F91E00A13733}
		{0F7F6130-5A32-4988-BFDF-4A1DA2B4DFBA} = {04AC03E3-F313-40A0-9CBA-F91E00A13733}
		{3DE6049A-9674-4D4A-83B9-2923CD1E9720} = {04AC03E3-F313-40A0-9CBA-F91E00A13733}
		{E42FEF49-083C-4896-9009-761CE4E3DC92} = {7896FC01-FC4B-4FFD-8580-46241D09FF12}
		{17A0360E-F529-4B57-B639-638DFD437EFB} = {59266EF8-836F-496B-9D2B-9B9A97CBE25C}
		{A20FD9E2-055B-462F-BB02-25838F72D9A0} = {59266EF8-836F-496B-9D2B-9B9A97CBE25C}
		{2F3578B4-6984-4F0C-90CA-D5C2959FF486} = {59266EF8-836F-496B-9D2B-9B9A97CBE25C}
		{4805D74A-B671-4A64-A337-A1228315DF30} = {59266EF8-836F-496B-9D2B-9B9A97CBE25C}
		{91EC0DF7-735E-4D2B-9B87-0211D017EED9} = {59266EF8-836F-496B-9D2B-9B9A97CBE25C}
	EndGlobalSection
EndGlobal
